
Microsoft Visual Studio Solution File, Format Version 12.00
# Visual Studio Version 17
VisualStudioVersion = 17.2.32616.157
MinimumVisualStudioVersion = 10.0.40219.1
Project("{FAE04EC0-301F-11D3-BF4B-00C04F79EFBC}") = "HomeWork5", "HomeWork5\HomeWork5.csproj", "{F73DDB3C-C181-42D1-AAE1-AB768FC439C4}"
EndProject
Global
	GlobalSection(SolutionConfigurationPlatforms) = preSolution
		Debug|Any CPU = Debug|Any CPU
		Release|Any CPU = Release|Any CPU
	EndGlobalSection
	GlobalSection(ProjectConfigurationPlatforms) = postSolution
		{F73DDB3C-C181-42D1-AAE1-AB768FC439C4}.Debug|Any CPU.ActiveCfg = Debug|Any CPU
		{F73DDB3C-C181-42D1-AAE1-AB768FC439C4}.Debug|Any CPU.Build.0 = Debug|Any CPU
		{F73DDB3C-C181-42D1-AAE1-AB768FC439C4}.Release|Any CPU.ActiveCfg = Release|Any CPU
		{F73DDB3C-C181-42D1-AAE1-AB768FC439C4}.Release|Any CPU.Build.0 = Release|Any CPU
	EndGlobalSection
	GlobalSection(SolutionProperties) = preSolution
		HideSolutionNode = FALSE
	EndGlobalSection
	GlobalSection(ExtensibilityGlobals) = postSolution
		SolutionGuid = {6B1BFC16-4268-4D71-9598-853F0F3C95E5}
	EndGlobalSection
EndGlobal
